
Microsoft Visual Studio Solution File, Format Version 12.00
# Visual Studio Version 16
VisualStudioVersion = 16.0.35026.282
MinimumVisualStudioVersion = 10.0.40219.1
Project("{FAE04EC0-301F-11D3-BF4B-00C04F79EFBC}") = "SW_API_Tips_Tricks", "SW_API_Tips_Tricks\SW_API_Tips_Tricks.csproj", "{FB0689F3-70DE-4751-81B4-19C0337E4F51}"
EndProject
Project("{2150E333-8FDC-42A3-9474-1A3956D46DE8}") = "CommandInProgress", "CommandInProgress", "{E86B8A27-6797-4631-9F51-5875D3EE3A21}"
	ProjectSection(SolutionItems) = preProject
		readme.md = readme.md
		CommandInProgress\results.png = CommandInProgress\results.png
	EndProjectSection
EndProject
Project("{FAE04EC0-301F-11D3-BF4B-00C04F79EFBC}") = "CommandInProgress", "CommandInProgress\CommandInProgress.csproj", "{0CE35714-DF1F-430A-90E9-C10E13C33B80}"
EndProject
Global
	GlobalSection(SolutionConfigurationPlatforms) = preSolution
		Debug|Any CPU = Debug|Any CPU
		Release|Any CPU = Release|Any CPU
	EndGlobalSection
	GlobalSection(ProjectConfigurationPlatforms) = postSolution
		{FB0689F3-70DE-4751-81B4-19C0337E4F51}.Debug|Any CPU.ActiveCfg = Debug|Any CPU
		{FB0689F3-70DE-4751-81B4-19C0337E4F51}.Debug|Any CPU.Build.0 = Debug|Any CPU
		{FB0689F3-70DE-4751-81B4-19C0337E4F51}.Release|Any CPU.ActiveCfg = Release|Any CPU
		{FB0689F3-70DE-4751-81B4-19C0337E4F51}.Release|Any CPU.Build.0 = Release|Any CPU
		{0CE35714-DF1F-430A-90E9-C10E13C33B80}.Debug|Any CPU.ActiveCfg = Debug|Any CPU
		{0CE35714-DF1F-430A-90E9-C10E13C33B80}.Debug|Any CPU.Build.0 = Debug|Any CPU
		{0CE35714-DF1F-430A-90E9-C10E13C33B80}.Release|Any CPU.ActiveCfg = Release|Any CPU
		{0CE35714-DF1F-430A-90E9-C10E13C33B80}.Release|Any CPU.Build.0 = Release|Any CPU
	EndGlobalSection
	GlobalSection(SolutionProperties) = preSolution
		HideSolutionNode = FALSE
	EndGlobalSection
	GlobalSection(NestedProjects) = preSolution
		{0CE35714-DF1F-430A-90E9-C10E13C33B80} = {E86B8A27-6797-4631-9F51-5875D3EE3A21}
	EndGlobalSection
	GlobalSection(ExtensibilityGlobals) = postSolution
		SolutionGuid = {2F04F7D1-18E7-4F1A-8F24-73ECE7EF8277}
	EndGlobalSection
EndGlobal
