
Microsoft Visual Studio Solution File, Format Version 12.00
# Visual Studio Version 16
VisualStudioVersion = 16.0.35026.282
MinimumVisualStudioVersion = 10.0.40219.1
Project("{FAE04EC0-301F-11D3-BF4B-00C04F79EFBC}") = "SW_API_Tips_Tricks", "SW_API_Tips_Tricks\SW_API_Tips_Tricks.csproj", "{FB0689F3-70DE-4751-81B4-19C0337E4F51}"
EndProject
Project("{2150E333-8FDC-42A3-9474-1A3956D46DE8}") = "CommandInProgress", "CommandInProgress", "{E86B8A27-6797-4631-9F51-5875D3EE3A21}"
	ProjectSection(SolutionItems) = preProject
		readme.md = readme.md
		CommandInProgress\results.png = CommandInProgress\results.png
	EndProjectSection
EndProject
Project("{FAE04EC0-301F-11D3-BF4B-00C04F79EFBC}") = "CommandInProgress", "CommandInProgress\CommandInProgress.csproj", "{0CE35714-DF1F-430A-90E9-C10E13C33B80}"
EndProject
Project("{2150E333-8FDC-42A3-9474-1A3956D46DE8}") = "EnableGraphicsUpdate", "EnableGraphicsUpdate", "{0FAEA605-7FA1-4903-91F9-21102E046B30}"
EndProject
Project("{FAE04EC0-301F-11D3-BF4B-00C04F79EFBC}") = "EnableGraphicsUpdate", "EnableGraphicsUpdate\EnableGraphicsUpdate.csproj", "{13096CCD-B828-4932-A17D-4E58E6DB392F}"
EndProject
Project("{2150E333-8FDC-42A3-9474-1A3956D46DE8}") = "EnableFeatureTree", "EnableFeatureTree", "{238F2A04-B8F7-432B-A3D7-2ED9DC25D55F}"
EndProject
Project("{FAE04EC0-301F-11D3-BF4B-00C04F79EFBC}") = "EnableFeatureTree", "EnableFeatureTree\EnableFeatureTree.csproj", "{12941B8B-3E1F-4A13-840A-914C81317ECC}"
EndProject
Project("{2150E333-8FDC-42A3-9474-1A3956D46DE8}") = "UserControlBackground", "UserControlBackground", "{F998CA2B-0FFC-4F1C-868A-10F200BAD221}"
EndProject
Project("{FAE04EC0-301F-11D3-BF4B-00C04F79EFBC}") = "UserControlBackground", "UserControlBackground\UserControlBackground.csproj", "{487A83A3-2316-4CD1-9BE0-0C2D4F7F14B5}"
EndProject
Project("{2150E333-8FDC-42A3-9474-1A3956D46DE8}") = "ReleaseCOMObject", "ReleaseCOMObject", "{ABCAE877-B8C8-493C-806E-616F5EE476EF}"
EndProject
Project("{FAE04EC0-301F-11D3-BF4B-00C04F79EFBC}") = "ReleaseCOMObject", "ReleaseCOMObject\ReleaseCOMObject.csproj", "{439DA6FD-F105-4ECC-9B93-3B411773989B}"
EndProject
Project("{2150E333-8FDC-42A3-9474-1A3956D46DE8}") = "TraverseTree", "TraverseTree", "{046927B8-0D68-4241-B492-8E0DABBA223C}"
EndProject
Project("{FAE04EC0-301F-11D3-BF4B-00C04F79EFBC}") = "TraverseTree", "TraverseTree\TraverseTree.csproj", "{BC3808EE-2F10-4AAF-A26B-BAAE0EDF36A1}"
EndProject
Project("{2150E333-8FDC-42A3-9474-1A3956D46DE8}") = "ReportProgress", "ReportProgress", "{3A68C664-0F35-4C8D-B3C4-0B603F005DE9}"
	ProjectSection(SolutionItems) = preProject
		readme.md = readme.md
	EndProjectSection
EndProject
Project("{FAE04EC0-301F-11D3-BF4B-00C04F79EFBC}") = "ReportProgress", "ReportProgress\ReportProgress.csproj", "{227A9700-E83D-4A61-94AC-21E492C0C55F}"
EndProject
Global
	GlobalSection(SolutionConfigurationPlatforms) = preSolution
		Debug|Any CPU = Debug|Any CPU
		Release|Any CPU = Release|Any CPU
	EndGlobalSection
	GlobalSection(ProjectConfigurationPlatforms) = postSolution
		{FB0689F3-70DE-4751-81B4-19C0337E4F51}.Debug|Any CPU.ActiveCfg = Debug|Any CPU
		{FB0689F3-70DE-4751-81B4-19C0337E4F51}.Debug|Any CPU.Build.0 = Debug|Any CPU
		{FB0689F3-70DE-4751-81B4-19C0337E4F51}.Release|Any CPU.ActiveCfg = Release|Any CPU
		{FB0689F3-70DE-4751-81B4-19C0337E4F51}.Release|Any CPU.Build.0 = Release|Any CPU
		{0CE35714-DF1F-430A-90E9-C10E13C33B80}.Debug|Any CPU.ActiveCfg = Debug|Any CPU
		{0CE35714-DF1F-430A-90E9-C10E13C33B80}.Debug|Any CPU.Build.0 = Debug|Any CPU
		{0CE35714-DF1F-430A-90E9-C10E13C33B80}.Release|Any CPU.ActiveCfg = Release|Any CPU
		{0CE35714-DF1F-430A-90E9-C10E13C33B80}.Release|Any CPU.Build.0 = Release|Any CPU
		{13096CCD-B828-4932-A17D-4E58E6DB392F}.Debug|Any CPU.ActiveCfg = Debug|Any CPU
		{13096CCD-B828-4932-A17D-4E58E6DB392F}.Debug|Any CPU.Build.0 = Debug|Any CPU
		{13096CCD-B828-4932-A17D-4E58E6DB392F}.Release|Any CPU.ActiveCfg = Release|Any CPU
		{13096CCD-B828-4932-A17D-4E58E6DB392F}.Release|Any CPU.Build.0 = Release|Any CPU
		{12941B8B-3E1F-4A13-840A-914C81317ECC}.Debug|Any CPU.ActiveCfg = Debug|Any CPU
		{12941B8B-3E1F-4A13-840A-914C81317ECC}.Debug|Any CPU.Build.0 = Debug|Any CPU
		{12941B8B-3E1F-4A13-840A-914C81317ECC}.Release|Any CPU.ActiveCfg = Release|Any CPU
		{12941B8B-3E1F-4A13-840A-914C81317ECC}.Release|Any CPU.Build.0 = Release|Any CPU
		{487A83A3-2316-4CD1-9BE0-0C2D4F7F14B5}.Debug|Any CPU.ActiveCfg = Debug|Any CPU
		{487A83A3-2316-4CD1-9BE0-0C2D4F7F14B5}.Debug|Any CPU.Build.0 = Debug|Any CPU
		{487A83A3-2316-4CD1-9BE0-0C2D4F7F14B5}.Release|Any CPU.ActiveCfg = Release|Any CPU
		{487A83A3-2316-4CD1-9BE0-0C2D4F7F14B5}.Release|Any CPU.Build.0 = Release|Any CPU
		{439DA6FD-F105-4ECC-9B93-3B411773989B}.Debug|Any CPU.ActiveCfg = Debug|Any CPU
		{439DA6FD-F105-4ECC-9B93-3B411773989B}.Debug|Any CPU.Build.0 = Debug|Any CPU
		{439DA6FD-F105-4ECC-9B93-3B411773989B}.Release|Any CPU.ActiveCfg = Release|Any CPU
		{439DA6FD-F105-4ECC-9B93-3B411773989B}.Release|Any CPU.Build.0 = Release|Any CPU
		{BC3808EE-2F10-4AAF-A26B-BAAE0EDF36A1}.Debug|Any CPU.ActiveCfg = Debug|Any CPU
		{BC3808EE-2F10-4AAF-A26B-BAAE0EDF36A1}.Debug|Any CPU.Build.0 = Debug|Any CPU
		{BC3808EE-2F10-4AAF-A26B-BAAE0EDF36A1}.Release|Any CPU.ActiveCfg = Release|Any CPU
		{BC3808EE-2F10-4AAF-A26B-BAAE0EDF36A1}.Release|Any CPU.Build.0 = Release|Any CPU
		{227A9700-E83D-4A61-94AC-21E492C0C55F}.Debug|Any CPU.ActiveCfg = Debug|Any CPU
		{227A9700-E83D-4A61-94AC-21E492C0C55F}.Debug|Any CPU.Build.0 = Debug|Any CPU
		{227A9700-E83D-4A61-94AC-21E492C0C55F}.Release|Any CPU.ActiveCfg = Release|Any CPU
		{227A9700-E83D-4A61-94AC-21E492C0C55F}.Release|Any CPU.Build.0 = Release|Any CPU
	EndGlobalSection
	GlobalSection(SolutionProperties) = preSolution
		HideSolutionNode = FALSE
	EndGlobalSection
	GlobalSection(NestedProjects) = preSolution
		{0CE35714-DF1F-430A-90E9-C10E13C33B80} = {E86B8A27-6797-4631-9F51-5875D3EE3A21}
		{13096CCD-B828-4932-A17D-4E58E6DB392F} = {0FAEA605-7FA1-4903-91F9-21102E046B30}
		{12941B8B-3E1F-4A13-840A-914C81317ECC} = {238F2A04-B8F7-432B-A3D7-2ED9DC25D55F}
		{487A83A3-2316-4CD1-9BE0-0C2D4F7F14B5} = {F998CA2B-0FFC-4F1C-868A-10F200BAD221}
		{439DA6FD-F105-4ECC-9B93-3B411773989B} = {ABCAE877-B8C8-493C-806E-616F5EE476EF}
		{BC3808EE-2F10-4AAF-A26B-BAAE0EDF36A1} = {046927B8-0D68-4241-B492-8E0DABBA223C}
		{227A9700-E83D-4A61-94AC-21E492C0C55F} = {3A68C664-0F35-4C8D-B3C4-0B603F005DE9}
	EndGlobalSection
	GlobalSection(ExtensibilityGlobals) = postSolution
		SolutionGuid = {2F04F7D1-18E7-4F1A-8F24-73ECE7EF8277}
	EndGlobalSection
EndGlobal
